
Microsoft Visual Studio Solution File, Format Version 12.00
# Visual Studio Version 16
VisualStudioVersion = 16.0.30104.148
MinimumVisualStudioVersion = 10.0.40219.1
Project("{FAE04EC0-301F-11D3-BF4B-00C04F79EFBC}") = "ListaDNI", "ListaDNI.csproj", "{553FBAEF-9007-49D6-9A1B-DBDB1B6F15F5}"
EndProject
Global
	GlobalSection(SolutionConfigurationPlatforms) = preSolution
		Debug|Any CPU = Debug|Any CPU
		Release|Any CPU = Release|Any CPU
	EndGlobalSection
	GlobalSection(ProjectConfigurationPlatforms) = postSolution
		{553FBAEF-9007-49D6-9A1B-DBDB1B6F15F5}.Debug|Any CPU.ActiveCfg = Debug|Any CPU
		{553FBAEF-9007-49D6-9A1B-DBDB1B6F15F5}.Debug|Any CPU.Build.0 = Debug|Any CPU
		{553FBAEF-9007-49D6-9A1B-DBDB1B6F15F5}.Release|Any CPU.ActiveCfg = Release|Any CPU
		{553FBAEF-9007-49D6-9A1B-DBDB1B6F15F5}.Release|Any CPU.Build.0 = Release|Any CPU
	EndGlobalSection
	GlobalSection(SolutionProperties) = preSolution
		HideSolutionNode = FALSE
	EndGlobalSection
	GlobalSection(ExtensibilityGlobals) = postSolution
		SolutionGuid = {4121E938-6BA3-42D7-BDCE-151EF0FF2FED}
	EndGlobalSection
EndGlobal
